// !$*UTF8*$!
{
	archiveVersion = 1;
	classes = {
	};
	objectVersion = 55;
	objects = {

/* Begin PBXBuildFile section */
		0ACF2D9327E11891000B1D89 /* Tests_iOS.swift in Sources */ = {isa = PBXBuildFile; fileRef = 0ACF2D9227E11891000B1D89 /* Tests_iOS.swift */; };
		0ACF2D9527E11891000B1D89 /* Tests_iOSLaunchTests.swift in Sources */ = {isa = PBXBuildFile; fileRef = 0ACF2D9427E11891000B1D89 /* Tests_iOSLaunchTests.swift */; };
		0ACF2D9F27E11891000B1D89 /* Tests_macOS.swift in Sources */ = {isa = PBXBuildFile; fileRef = 0ACF2D9E27E11891000B1D89 /* Tests_macOS.swift */; };
		0ACF2DA127E11891000B1D89 /* Tests_macOSLaunchTests.swift in Sources */ = {isa = PBXBuildFile; fileRef = 0ACF2DA027E11891000B1D89 /* Tests_macOSLaunchTests.swift */; };
		0ACF2DA227E11891000B1D89 /* QuotyApp.swift in Sources */ = {isa = PBXBuildFile; fileRef = 0ACF2D7A27E11890000B1D89 /* QuotyApp.swift */; };
		0ACF2DA327E11891000B1D89 /* QuotyApp.swift in Sources */ = {isa = PBXBuildFile; fileRef = 0ACF2D7A27E11890000B1D89 /* QuotyApp.swift */; };
		0ACF2DA427E11891000B1D89 /* ContentView.swift in Sources */ = {isa = PBXBuildFile; fileRef = 0ACF2D7B27E11890000B1D89 /* ContentView.swift */; };
		0ACF2DA527E11891000B1D89 /* ContentView.swift in Sources */ = {isa = PBXBuildFile; fileRef = 0ACF2D7B27E11890000B1D89 /* ContentView.swift */; };
		0ACF2DA627E11891000B1D89 /* Assets.xcassets in Resources */ = {isa = PBXBuildFile; fileRef = 0ACF2D7C27E11891000B1D89 /* Assets.xcassets */; };
		0ACF2DA727E11891000B1D89 /* Assets.xcassets in Resources */ = {isa = PBXBuildFile; fileRef = 0ACF2D7C27E11891000B1D89 /* Assets.xcassets */; };
		0ACF2DB827E11907000B1D89 /* QuoteKit in Frameworks */ = {isa = PBXBuildFile; productRef = 0ACF2DB727E11907000B1D89 /* QuoteKit */; };
		0ACF2DBB27E1191D000B1D89 /* QuoteKit in Frameworks */ = {isa = PBXBuildFile; productRef = 0ACF2DBA27E1191D000B1D89 /* QuoteKit */; };
		0ACF2DC327E18FAC000B1D89 /* QuotyUITests.swift in Sources */ = {isa = PBXBuildFile; fileRef = 0ACF2DC227E18FAC000B1D89 /* QuotyUITests.swift */; };
		0ACF2DC527E18FAC000B1D89 /* QuotyUITestsLaunchTests.swift in Sources */ = {isa = PBXBuildFile; fileRef = 0ACF2DC427E18FAC000B1D89 /* QuotyUITestsLaunchTests.swift */; };
		0ACF2DD227E18FD3000B1D89 /* QuotymacOSUITests.swift in Sources */ = {isa = PBXBuildFile; fileRef = 0ACF2DD127E18FD3000B1D89 /* QuotymacOSUITests.swift */; };
		0ACF2DD427E18FD3000B1D89 /* QuotymacOSUITestsLaunchTests.swift in Sources */ = {isa = PBXBuildFile; fileRef = 0ACF2DD327E18FD3000B1D89 /* QuotymacOSUITestsLaunchTests.swift */; };
		0ACF2DDB27E19BF3000B1D89 /* Authors.json in Resources */ = {isa = PBXBuildFile; fileRef = 0ACF2DDA27E19A65000B1D89 /* Authors.json */; };
		0ACF2DDC27E19BF6000B1D89 /* Authors.json in Resources */ = {isa = PBXBuildFile; fileRef = 0ACF2DDA27E19A65000B1D89 /* Authors.json */; };
		0ACF2DDE27E1AB65000B1D89 /* AuthorView.swift in Sources */ = {isa = PBXBuildFile; fileRef = 0ACF2DDD27E1AB65000B1D89 /* AuthorView.swift */; };
		0ACF2DDF27E1AB65000B1D89 /* AuthorView.swift in Sources */ = {isa = PBXBuildFile; fileRef = 0ACF2DDD27E1AB65000B1D89 /* AuthorView.swift */; };
		0ACF2DE127E1AB88000B1D89 /* Authors+Demo.swift in Sources */ = {isa = PBXBuildFile; fileRef = 0ACF2DE027E1AB88000B1D89 /* Authors+Demo.swift */; };
		0ACF2DE227E1AB88000B1D89 /* Authors+Demo.swift in Sources */ = {isa = PBXBuildFile; fileRef = 0ACF2DE027E1AB88000B1D89 /* Authors+Demo.swift */; };
		0ACF2DE427E1AB96000B1D89 /* AuthorRow.swift in Sources */ = {isa = PBXBuildFile; fileRef = 0ACF2DE327E1AB96000B1D89 /* AuthorRow.swift */; };
		0ACF2DE527E1AB96000B1D89 /* AuthorRow.swift in Sources */ = {isa = PBXBuildFile; fileRef = 0ACF2DE327E1AB96000B1D89 /* AuthorRow.swift */; };
		0ACF2DE727E1ABA8000B1D89 /* AuthorDetailView.swift in Sources */ = {isa = PBXBuildFile; fileRef = 0ACF2DE627E1ABA8000B1D89 /* AuthorDetailView.swift */; };
		0ACF2DE827E1ABA8000B1D89 /* AuthorDetailView.swift in Sources */ = {isa = PBXBuildFile; fileRef = 0ACF2DE627E1ABA8000B1D89 /* AuthorDetailView.swift */; };
/* End PBXBuildFile section */

/* Begin PBXContainerItemProxy section */
		0ACF2D8F27E11891000B1D89 /* PBXContainerItemProxy */ = {
			isa = PBXContainerItemProxy;
			containerPortal = 0ACF2D7527E11890000B1D89 /* Project object */;
			proxyType = 1;
			remoteGlobalIDString = 0ACF2D8027E11891000B1D89;
			remoteInfo = "Quoty (iOS)";
		};
		0ACF2D9B27E11891000B1D89 /* PBXContainerItemProxy */ = {
			isa = PBXContainerItemProxy;
			containerPortal = 0ACF2D7527E11890000B1D89 /* Project object */;
			proxyType = 1;
			remoteGlobalIDString = 0ACF2D8627E11891000B1D89;
			remoteInfo = "Quoty (macOS)";
		};
		0ACF2DC627E18FAC000B1D89 /* PBXContainerItemProxy */ = {
			isa = PBXContainerItemProxy;
			containerPortal = 0ACF2D7527E11890000B1D89 /* Project object */;
			proxyType = 1;
			remoteGlobalIDString = 0ACF2D8027E11891000B1D89;
			remoteInfo = "Quoty (iOS)";
		};
		0ACF2DD527E18FD3000B1D89 /* PBXContainerItemProxy */ = {
			isa = PBXContainerItemProxy;
			containerPortal = 0ACF2D7527E11890000B1D89 /* Project object */;
			proxyType = 1;
			remoteGlobalIDString = 0ACF2D8627E11891000B1D89;
			remoteInfo = "Quoty (macOS)";
		};
/* End PBXContainerItemProxy section */

/* Begin PBXFileReference section */
		0ACF2D7A27E11890000B1D89 /* QuotyApp.swift */ = {isa = PBXFileReference; lastKnownFileType = sourcecode.swift; path = QuotyApp.swift; sourceTree = "<group>"; };
		0ACF2D7B27E11890000B1D89 /* ContentView.swift */ = {isa = PBXFileReference; lastKnownFileType = sourcecode.swift; path = ContentView.swift; sourceTree = "<group>"; };
		0ACF2D7C27E11891000B1D89 /* Assets.xcassets */ = {isa = PBXFileReference; lastKnownFileType = folder.assetcatalog; path = Assets.xcassets; sourceTree = "<group>"; };
		0ACF2D8127E11891000B1D89 /* Quoty.app */ = {isa = PBXFileReference; explicitFileType = wrapper.application; includeInIndex = 0; path = Quoty.app; sourceTree = BUILT_PRODUCTS_DIR; };
		0ACF2D8727E11891000B1D89 /* Quoty.app */ = {isa = PBXFileReference; explicitFileType = wrapper.application; includeInIndex = 0; path = Quoty.app; sourceTree = BUILT_PRODUCTS_DIR; };
		0ACF2D8927E11891000B1D89 /* macOS.entitlements */ = {isa = PBXFileReference; lastKnownFileType = text.plist.entitlements; path = macOS.entitlements; sourceTree = "<group>"; };
		0ACF2D8E27E11891000B1D89 /* Tests iOS.xctest */ = {isa = PBXFileReference; explicitFileType = wrapper.cfbundle; includeInIndex = 0; path = "Tests iOS.xctest"; sourceTree = BUILT_PRODUCTS_DIR; };
		0ACF2D9227E11891000B1D89 /* Tests_iOS.swift */ = {isa = PBXFileReference; lastKnownFileType = sourcecode.swift; path = Tests_iOS.swift; sourceTree = "<group>"; };
		0ACF2D9427E11891000B1D89 /* Tests_iOSLaunchTests.swift */ = {isa = PBXFileReference; lastKnownFileType = sourcecode.swift; path = Tests_iOSLaunchTests.swift; sourceTree = "<group>"; };
		0ACF2D9A27E11891000B1D89 /* Tests macOS.xctest */ = {isa = PBXFileReference; explicitFileType = wrapper.cfbundle; includeInIndex = 0; path = "Tests macOS.xctest"; sourceTree = BUILT_PRODUCTS_DIR; };
		0ACF2D9E27E11891000B1D89 /* Tests_macOS.swift */ = {isa = PBXFileReference; lastKnownFileType = sourcecode.swift; path = Tests_macOS.swift; sourceTree = "<group>"; };
		0ACF2DA027E11891000B1D89 /* Tests_macOSLaunchTests.swift */ = {isa = PBXFileReference; lastKnownFileType = sourcecode.swift; path = Tests_macOSLaunchTests.swift; sourceTree = "<group>"; };
		0ACF2DC027E18FAC000B1D89 /* QuotyUITests.xctest */ = {isa = PBXFileReference; explicitFileType = wrapper.cfbundle; includeInIndex = 0; path = QuotyUITests.xctest; sourceTree = BUILT_PRODUCTS_DIR; };
		0ACF2DC227E18FAC000B1D89 /* QuotyUITests.swift */ = {isa = PBXFileReference; lastKnownFileType = sourcecode.swift; path = QuotyUITests.swift; sourceTree = "<group>"; };
		0ACF2DC427E18FAC000B1D89 /* QuotyUITestsLaunchTests.swift */ = {isa = PBXFileReference; lastKnownFileType = sourcecode.swift; path = QuotyUITestsLaunchTests.swift; sourceTree = "<group>"; };
		0ACF2DCF27E18FD3000B1D89 /* QuotymacOSUITests.xctest */ = {isa = PBXFileReference; explicitFileType = wrapper.cfbundle; includeInIndex = 0; path = QuotymacOSUITests.xctest; sourceTree = BUILT_PRODUCTS_DIR; };
		0ACF2DD127E18FD3000B1D89 /* QuotymacOSUITests.swift */ = {isa = PBXFileReference; lastKnownFileType = sourcecode.swift; path = QuotymacOSUITests.swift; sourceTree = "<group>"; };
		0ACF2DD327E18FD3000B1D89 /* QuotymacOSUITestsLaunchTests.swift */ = {isa = PBXFileReference; lastKnownFileType = sourcecode.swift; path = QuotymacOSUITestsLaunchTests.swift; sourceTree = "<group>"; };
		0ACF2DDA27E19A65000B1D89 /* Authors.json */ = {isa = PBXFileReference; lastKnownFileType = text.json; path = Authors.json; sourceTree = "<group>"; };
		0ACF2DDD27E1AB65000B1D89 /* AuthorView.swift */ = {isa = PBXFileReference; lastKnownFileType = sourcecode.swift; path = AuthorView.swift; sourceTree = "<group>"; };
		0ACF2DE027E1AB88000B1D89 /* Authors+Demo.swift */ = {isa = PBXFileReference; lastKnownFileType = sourcecode.swift; path = "Authors+Demo.swift"; sourceTree = "<group>"; };
		0ACF2DE327E1AB96000B1D89 /* AuthorRow.swift */ = {isa = PBXFileReference; lastKnownFileType = sourcecode.swift; path = AuthorRow.swift; sourceTree = "<group>"; };
		0ACF2DE627E1ABA8000B1D89 /* AuthorDetailView.swift */ = {isa = PBXFileReference; lastKnownFileType = sourcecode.swift; path = AuthorDetailView.swift; sourceTree = "<group>"; };
/* End PBXFileReference section */

/* Begin PBXFrameworksBuildPhase section */
		0ACF2D7E27E11891000B1D89 /* Frameworks */ = {
			isa = PBXFrameworksBuildPhase;
			buildActionMask = 2147483647;
			files = (
				0ACF2DB827E11907000B1D89 /* QuoteKit in Frameworks */,
			);
			runOnlyForDeploymentPostprocessing = 0;
		};
		0ACF2D8427E11891000B1D89 /* Frameworks */ = {
			isa = PBXFrameworksBuildPhase;
			buildActionMask = 2147483647;
			files = (
				0ACF2DBB27E1191D000B1D89 /* QuoteKit in Frameworks */,
			);
			runOnlyForDeploymentPostprocessing = 0;
		};
		0ACF2D8B27E11891000B1D89 /* Frameworks */ = {
			isa = PBXFrameworksBuildPhase;
			buildActionMask = 2147483647;
			files = (
			);
			runOnlyForDeploymentPostprocessing = 0;
		};
		0ACF2D9727E11891000B1D89 /* Frameworks */ = {
			isa = PBXFrameworksBuildPhase;
			buildActionMask = 2147483647;
			files = (
			);
			runOnlyForDeploymentPostprocessing = 0;
		};
		0ACF2DBD27E18FAC000B1D89 /* Frameworks */ = {
			isa = PBXFrameworksBuildPhase;
			buildActionMask = 2147483647;
			files = (
			);
			runOnlyForDeploymentPostprocessing = 0;
		};
		0ACF2DCC27E18FD3000B1D89 /* Frameworks */ = {
			isa = PBXFrameworksBuildPhase;
			buildActionMask = 2147483647;
			files = (
			);
			runOnlyForDeploymentPostprocessing = 0;
		};
/* End PBXFrameworksBuildPhase section */

/* Begin PBXGroup section */
		0ACF2D7427E11890000B1D89 = {
			isa = PBXGroup;
			children = (
				0ACF2D7927E11890000B1D89 /* Shared */,
				0ACF2D8827E11891000B1D89 /* macOS */,
				0ACF2D9127E11891000B1D89 /* Tests iOS */,
				0ACF2D9D27E11891000B1D89 /* Tests macOS */,
				0ACF2DC127E18FAC000B1D89 /* QuotyUITests */,
				0ACF2DD027E18FD3000B1D89 /* QuotymacOSUITests */,
				0ACF2D8227E11891000B1D89 /* Products */,
				0ACF2DB927E1191D000B1D89 /* Frameworks */,
			);
			sourceTree = "<group>";
		};
		0ACF2D7927E11890000B1D89 /* Shared */ = {
			isa = PBXGroup;
			children = (
				0ACF2D7A27E11890000B1D89 /* QuotyApp.swift */,
				0ACF2D7B27E11890000B1D89 /* ContentView.swift */,
				0ACF2DE027E1AB88000B1D89 /* Authors+Demo.swift */,
				0ACF2DE327E1AB96000B1D89 /* AuthorRow.swift */,
				0ACF2DE627E1ABA8000B1D89 /* AuthorDetailView.swift */,
				0ACF2DDD27E1AB65000B1D89 /* AuthorView.swift */,
				0ACF2DDA27E19A65000B1D89 /* Authors.json */,
				0ACF2D7C27E11891000B1D89 /* Assets.xcassets */,
			);
			path = Shared;
			sourceTree = "<group>";
		};
		0ACF2D8227E11891000B1D89 /* Products */ = {
			isa = PBXGroup;
			children = (
				0ACF2D8127E11891000B1D89 /* Quoty.app */,
				0ACF2D8727E11891000B1D89 /* Quoty.app */,
				0ACF2D8E27E11891000B1D89 /* Tests iOS.xctest */,
				0ACF2D9A27E11891000B1D89 /* Tests macOS.xctest */,
				0ACF2DC027E18FAC000B1D89 /* QuotyUITests.xctest */,
				0ACF2DCF27E18FD3000B1D89 /* QuotymacOSUITests.xctest */,
			);
			name = Products;
			sourceTree = "<group>";
		};
		0ACF2D8827E11891000B1D89 /* macOS */ = {
			isa = PBXGroup;
			children = (
				0ACF2D8927E11891000B1D89 /* macOS.entitlements */,
			);
			path = macOS;
			sourceTree = "<group>";
		};
		0ACF2D9127E11891000B1D89 /* Tests iOS */ = {
			isa = PBXGroup;
			children = (
				0ACF2D9227E11891000B1D89 /* Tests_iOS.swift */,
				0ACF2D9427E11891000B1D89 /* Tests_iOSLaunchTests.swift */,
			);
			path = "Tests iOS";
			sourceTree = "<group>";
		};
		0ACF2D9D27E11891000B1D89 /* Tests macOS */ = {
			isa = PBXGroup;
			children = (
				0ACF2D9E27E11891000B1D89 /* Tests_macOS.swift */,
				0ACF2DA027E11891000B1D89 /* Tests_macOSLaunchTests.swift */,
			);
			path = "Tests macOS";
			sourceTree = "<group>";
		};
		0ACF2DB927E1191D000B1D89 /* Frameworks */ = {
			isa = PBXGroup;
			children = (
			);
			name = Frameworks;
			sourceTree = "<group>";
		};
		0ACF2DC127E18FAC000B1D89 /* QuotyUITests */ = {
			isa = PBXGroup;
			children = (
				0ACF2DC227E18FAC000B1D89 /* QuotyUITests.swift */,
				0ACF2DC427E18FAC000B1D89 /* QuotyUITestsLaunchTests.swift */,
			);
			path = QuotyUITests;
			sourceTree = "<group>";
		};
		0ACF2DD027E18FD3000B1D89 /* QuotymacOSUITests */ = {
			isa = PBXGroup;
			children = (
				0ACF2DD127E18FD3000B1D89 /* QuotymacOSUITests.swift */,
				0ACF2DD327E18FD3000B1D89 /* QuotymacOSUITestsLaunchTests.swift */,
			);
			path = QuotymacOSUITests;
			sourceTree = "<group>";
		};
/* End PBXGroup section */

/* Begin PBXNativeTarget section */
		0ACF2D8027E11891000B1D89 /* Quoty (iOS) */ = {
			isa = PBXNativeTarget;
			buildConfigurationList = 0ACF2DAA27E11891000B1D89 /* Build configuration list for PBXNativeTarget "Quoty (iOS)" */;
			buildPhases = (
				0ACF2D7D27E11891000B1D89 /* Sources */,
				0ACF2D7E27E11891000B1D89 /* Frameworks */,
				0ACF2D7F27E11891000B1D89 /* Resources */,
			);
			buildRules = (
			);
			dependencies = (
			);
			name = "Quoty (iOS)";
			packageProductDependencies = (
				0ACF2DB727E11907000B1D89 /* QuoteKit */,
			);
			productName = "Quoty (iOS)";
			productReference = 0ACF2D8127E11891000B1D89 /* Quoty.app */;
			productType = "com.apple.product-type.application";
		};
		0ACF2D8627E11891000B1D89 /* Quoty (macOS) */ = {
			isa = PBXNativeTarget;
			buildConfigurationList = 0ACF2DAD27E11891000B1D89 /* Build configuration list for PBXNativeTarget "Quoty (macOS)" */;
			buildPhases = (
				0ACF2D8327E11891000B1D89 /* Sources */,
				0ACF2D8427E11891000B1D89 /* Frameworks */,
				0ACF2D8527E11891000B1D89 /* Resources */,
			);
			buildRules = (
			);
			dependencies = (
			);
			name = "Quoty (macOS)";
			packageProductDependencies = (
				0ACF2DBA27E1191D000B1D89 /* QuoteKit */,
			);
			productName = "Quoty (macOS)";
			productReference = 0ACF2D8727E11891000B1D89 /* Quoty.app */;
			productType = "com.apple.product-type.application";
		};
		0ACF2D8D27E11891000B1D89 /* Tests iOS */ = {
			isa = PBXNativeTarget;
			buildConfigurationList = 0ACF2DB027E11891000B1D89 /* Build configuration list for PBXNativeTarget "Tests iOS" */;
			buildPhases = (
				0ACF2D8A27E11891000B1D89 /* Sources */,
				0ACF2D8B27E11891000B1D89 /* Frameworks */,
				0ACF2D8C27E11891000B1D89 /* Resources */,
			);
			buildRules = (
			);
			dependencies = (
				0ACF2D9027E11891000B1D89 /* PBXTargetDependency */,
			);
			name = "Tests iOS";
			productName = "Tests iOS";
			productReference = 0ACF2D8E27E11891000B1D89 /* Tests iOS.xctest */;
			productType = "com.apple.product-type.bundle.ui-testing";
		};
		0ACF2D9927E11891000B1D89 /* Tests macOS */ = {
			isa = PBXNativeTarget;
			buildConfigurationList = 0ACF2DB327E11891000B1D89 /* Build configuration list for PBXNativeTarget "Tests macOS" */;
			buildPhases = (
				0ACF2D9627E11891000B1D89 /* Sources */,
				0ACF2D9727E11891000B1D89 /* Frameworks */,
				0ACF2D9827E11891000B1D89 /* Resources */,
			);
			buildRules = (
			);
			dependencies = (
				0ACF2D9C27E11891000B1D89 /* PBXTargetDependency */,
			);
			name = "Tests macOS";
			productName = "Tests macOS";
			productReference = 0ACF2D9A27E11891000B1D89 /* Tests macOS.xctest */;
			productType = "com.apple.product-type.bundle.ui-testing";
		};
		0ACF2DBF27E18FAC000B1D89 /* QuotyUITests */ = {
			isa = PBXNativeTarget;
			buildConfigurationList = 0ACF2DC827E18FAC000B1D89 /* Build configuration list for PBXNativeTarget "QuotyUITests" */;
			buildPhases = (
				0ACF2DBC27E18FAC000B1D89 /* Sources */,
				0ACF2DBD27E18FAC000B1D89 /* Frameworks */,
				0ACF2DBE27E18FAC000B1D89 /* Resources */,
			);
			buildRules = (
			);
			dependencies = (
				0ACF2DC727E18FAC000B1D89 /* PBXTargetDependency */,
			);
			name = QuotyUITests;
			productName = QuotyUITests;
			productReference = 0ACF2DC027E18FAC000B1D89 /* QuotyUITests.xctest */;
			productType = "com.apple.product-type.bundle.ui-testing";
		};
		0ACF2DCE27E18FD3000B1D89 /* QuotymacOSUITests */ = {
			isa = PBXNativeTarget;
			buildConfigurationList = 0ACF2DD727E18FD3000B1D89 /* Build configuration list for PBXNativeTarget "QuotymacOSUITests" */;
			buildPhases = (
				0ACF2DCB27E18FD3000B1D89 /* Sources */,
				0ACF2DCC27E18FD3000B1D89 /* Frameworks */,
				0ACF2DCD27E18FD3000B1D89 /* Resources */,
			);
			buildRules = (
			);
			dependencies = (
				0ACF2DD627E18FD3000B1D89 /* PBXTargetDependency */,
			);
			name = QuotymacOSUITests;
			productName = QuotymacOSUITests;
			productReference = 0ACF2DCF27E18FD3000B1D89 /* QuotymacOSUITests.xctest */;
			productType = "com.apple.product-type.bundle.ui-testing";
		};
/* End PBXNativeTarget section */

/* Begin PBXProject section */
		0ACF2D7527E11890000B1D89 /* Project object */ = {
			isa = PBXProject;
			attributes = {
				BuildIndependentTargetsInParallel = 1;
				LastSwiftUpdateCheck = 1330;
				LastUpgradeCheck = 1330;
				TargetAttributes = {
					0ACF2D8027E11891000B1D89 = {
						CreatedOnToolsVersion = 13.3;
					};
					0ACF2D8627E11891000B1D89 = {
						CreatedOnToolsVersion = 13.3;
					};
					0ACF2D8D27E11891000B1D89 = {
						CreatedOnToolsVersion = 13.3;
						TestTargetID = 0ACF2D8027E11891000B1D89;
					};
					0ACF2D9927E11891000B1D89 = {
						CreatedOnToolsVersion = 13.3;
						TestTargetID = 0ACF2D8627E11891000B1D89;
					};
					0ACF2DBF27E18FAC000B1D89 = {
						CreatedOnToolsVersion = 13.3;
						TestTargetID = 0ACF2D8027E11891000B1D89;
					};
					0ACF2DCE27E18FD3000B1D89 = {
						CreatedOnToolsVersion = 13.3;
						TestTargetID = 0ACF2D8627E11891000B1D89;
					};
				};
			};
			buildConfigurationList = 0ACF2D7827E11890000B1D89 /* Build configuration list for PBXProject "Quoty" */;
			compatibilityVersion = "Xcode 13.0";
			developmentRegion = en;
			hasScannedForEncodings = 0;
			knownRegions = (
				en,
				Base,
			);
			mainGroup = 0ACF2D7427E11890000B1D89;
			packageReferences = (
				0ACF2DB627E11906000B1D89 /* XCRemoteSwiftPackageReference "QuoteKit" */,
			);
			productRefGroup = 0ACF2D8227E11891000B1D89 /* Products */;
			projectDirPath = "";
			projectRoot = "";
			targets = (
				0ACF2D8027E11891000B1D89 /* Quoty (iOS) */,
				0ACF2D8627E11891000B1D89 /* Quoty (macOS) */,
				0ACF2D8D27E11891000B1D89 /* Tests iOS */,
				0ACF2D9927E11891000B1D89 /* Tests macOS */,
				0ACF2DBF27E18FAC000B1D89 /* QuotyUITests */,
				0ACF2DCE27E18FD3000B1D89 /* QuotymacOSUITests */,
			);
		};
/* End PBXProject section */

/* Begin PBXResourcesBuildPhase section */
		0ACF2D7F27E11891000B1D89 /* Resources */ = {
			isa = PBXResourcesBuildPhase;
			buildActionMask = 2147483647;
			files = (
				0ACF2DDC27E19BF6000B1D89 /* Authors.json in Resources */,
				0ACF2DA627E11891000B1D89 /* Assets.xcassets in Resources */,
			);
			runOnlyForDeploymentPostprocessing = 0;
		};
		0ACF2D8527E11891000B1D89 /* Resources */ = {
			isa = PBXResourcesBuildPhase;
			buildActionMask = 2147483647;
			files = (
				0ACF2DDB27E19BF3000B1D89 /* Authors.json in Resources */,
				0ACF2DA727E11891000B1D89 /* Assets.xcassets in Resources */,
			);
			runOnlyForDeploymentPostprocessing = 0;
		};
		0ACF2D8C27E11891000B1D89 /* Resources */ = {
			isa = PBXResourcesBuildPhase;
			buildActionMask = 2147483647;
			files = (
			);
			runOnlyForDeploymentPostprocessing = 0;
		};
		0ACF2D9827E11891000B1D89 /* Resources */ = {
			isa = PBXResourcesBuildPhase;
			buildActionMask = 2147483647;
			files = (
			);
			runOnlyForDeploymentPostprocessing = 0;
		};
		0ACF2DBE27E18FAC000B1D89 /* Resources */ = {
			isa = PBXResourcesBuildPhase;
			buildActionMask = 2147483647;
			files = (
			);
			runOnlyForDeploymentPostprocessing = 0;
		};
		0ACF2DCD27E18FD3000B1D89 /* Resources */ = {
			isa = PBXResourcesBuildPhase;
			buildActionMask = 2147483647;
			files = (
			);
			runOnlyForDeploymentPostprocessing = 0;
		};
/* End PBXResourcesBuildPhase section */

/* Begin PBXSourcesBuildPhase section */
		0ACF2D7D27E11891000B1D89 /* Sources */ = {
			isa = PBXSourcesBuildPhase;
			buildActionMask = 2147483647;
			files = (
				0ACF2DDE27E1AB65000B1D89 /* AuthorView.swift in Sources */,
				0ACF2DA427E11891000B1D89 /* ContentView.swift in Sources */,
				0ACF2DA227E11891000B1D89 /* QuotyApp.swift in Sources */,
				0ACF2DE427E1AB96000B1D89 /* AuthorRow.swift in Sources */,
				0ACF2DE727E1ABA8000B1D89 /* AuthorDetailView.swift in Sources */,
				0ACF2DE127E1AB88000B1D89 /* Authors+Demo.swift in Sources */,
			);
			runOnlyForDeploymentPostprocessing = 0;
		};
		0ACF2D8327E11891000B1D89 /* Sources */ = {
			isa = PBXSourcesBuildPhase;
			buildActionMask = 2147483647;
			files = (
				0ACF2DDF27E1AB65000B1D89 /* AuthorView.swift in Sources */,
				0ACF2DA527E11891000B1D89 /* ContentView.swift in Sources */,
				0ACF2DA327E11891000B1D89 /* QuotyApp.swift in Sources */,
				0ACF2DE527E1AB96000B1D89 /* AuthorRow.swift in Sources */,
				0ACF2DE827E1ABA8000B1D89 /* AuthorDetailView.swift in Sources */,
				0ACF2DE227E1AB88000B1D89 /* Authors+Demo.swift in Sources */,
			);
			runOnlyForDeploymentPostprocessing = 0;
		};
		0ACF2D8A27E11891000B1D89 /* Sources */ = {
			isa = PBXSourcesBuildPhase;
			buildActionMask = 2147483647;
			files = (
				0ACF2D9527E11891000B1D89 /* Tests_iOSLaunchTests.swift in Sources */,
				0ACF2D9327E11891000B1D89 /* Tests_iOS.swift in Sources */,
			);
			runOnlyForDeploymentPostprocessing = 0;
		};
		0ACF2D9627E11891000B1D89 /* Sources */ = {
			isa = PBXSourcesBuildPhase;
			buildActionMask = 2147483647;
			files = (
				0ACF2DA127E11891000B1D89 /* Tests_macOSLaunchTests.swift in Sources */,
				0ACF2D9F27E11891000B1D89 /* Tests_macOS.swift in Sources */,
			);
			runOnlyForDeploymentPostprocessing = 0;
		};
		0ACF2DBC27E18FAC000B1D89 /* Sources */ = {
			isa = PBXSourcesBuildPhase;
			buildActionMask = 2147483647;
			files = (
				0ACF2DC327E18FAC000B1D89 /* QuotyUITests.swift in Sources */,
				0ACF2DC527E18FAC000B1D89 /* QuotyUITestsLaunchTests.swift in Sources */,
			);
			runOnlyForDeploymentPostprocessing = 0;
		};
		0ACF2DCB27E18FD3000B1D89 /* Sources */ = {
			isa = PBXSourcesBuildPhase;
			buildActionMask = 2147483647;
			files = (
				0ACF2DD227E18FD3000B1D89 /* QuotymacOSUITests.swift in Sources */,
				0ACF2DD427E18FD3000B1D89 /* QuotymacOSUITestsLaunchTests.swift in Sources */,
			);
			runOnlyForDeploymentPostprocessing = 0;
		};
/* End PBXSourcesBuildPhase section */

/* Begin PBXTargetDependency section */
		0ACF2D9027E11891000B1D89 /* PBXTargetDependency */ = {
			isa = PBXTargetDependency;
			target = 0ACF2D8027E11891000B1D89 /* Quoty (iOS) */;
			targetProxy = 0ACF2D8F27E11891000B1D89 /* PBXContainerItemProxy */;
		};
		0ACF2D9C27E11891000B1D89 /* PBXTargetDependency */ = {
			isa = PBXTargetDependency;
			target = 0ACF2D8627E11891000B1D89 /* Quoty (macOS) */;
			targetProxy = 0ACF2D9B27E11891000B1D89 /* PBXContainerItemProxy */;
		};
		0ACF2DC727E18FAC000B1D89 /* PBXTargetDependency */ = {
			isa = PBXTargetDependency;
			target = 0ACF2D8027E11891000B1D89 /* Quoty (iOS) */;
			targetProxy = 0ACF2DC627E18FAC000B1D89 /* PBXContainerItemProxy */;
		};
		0ACF2DD627E18FD3000B1D89 /* PBXTargetDependency */ = {
			isa = PBXTargetDependency;
			target = 0ACF2D8627E11891000B1D89 /* Quoty (macOS) */;
			targetProxy = 0ACF2DD527E18FD3000B1D89 /* PBXContainerItemProxy */;
		};
/* End PBXTargetDependency section */

/* Begin XCBuildConfiguration section */
		0ACF2DA827E11891000B1D89 /* Debug */ = {
			isa = XCBuildConfiguration;
			buildSettings = {
				ALWAYS_SEARCH_USER_PATHS = NO;
				CLANG_ANALYZER_NONNULL = YES;
				CLANG_ANALYZER_NUMBER_OBJECT_CONVERSION = YES_AGGRESSIVE;
				CLANG_CXX_LANGUAGE_STANDARD = "gnu++17";
				CLANG_ENABLE_MODULES = YES;
				CLANG_ENABLE_OBJC_ARC = YES;
				CLANG_ENABLE_OBJC_WEAK = YES;
				CLANG_WARN_BLOCK_CAPTURE_AUTORELEASING = YES;
				CLANG_WARN_BOOL_CONVERSION = YES;
				CLANG_WARN_COMMA = YES;
				CLANG_WARN_CONSTANT_CONVERSION = YES;
				CLANG_WARN_DEPRECATED_OBJC_IMPLEMENTATIONS = YES;
				CLANG_WARN_DIRECT_OBJC_ISA_USAGE = YES_ERROR;
				CLANG_WARN_DOCUMENTATION_COMMENTS = YES;
				CLANG_WARN_EMPTY_BODY = YES;
				CLANG_WARN_ENUM_CONVERSION = YES;
				CLANG_WARN_INFINITE_RECURSION = YES;
				CLANG_WARN_INT_CONVERSION = YES;
				CLANG_WARN_NON_LITERAL_NULL_CONVERSION = YES;
				CLANG_WARN_OBJC_IMPLICIT_RETAIN_SELF = YES;
				CLANG_WARN_OBJC_LITERAL_CONVERSION = YES;
				CLANG_WARN_OBJC_ROOT_CLASS = YES_ERROR;
				CLANG_WARN_QUOTED_INCLUDE_IN_FRAMEWORK_HEADER = YES;
				CLANG_WARN_RANGE_LOOP_ANALYSIS = YES;
				CLANG_WARN_STRICT_PROTOTYPES = YES;
				CLANG_WARN_SUSPICIOUS_MOVE = YES;
				CLANG_WARN_UNGUARDED_AVAILABILITY = YES_AGGRESSIVE;
				CLANG_WARN_UNREACHABLE_CODE = YES;
				CLANG_WARN__DUPLICATE_METHOD_MATCH = YES;
				COPY_PHASE_STRIP = NO;
				DEBUG_INFORMATION_FORMAT = dwarf;
				ENABLE_STRICT_OBJC_MSGSEND = YES;
				ENABLE_TESTABILITY = YES;
				GCC_C_LANGUAGE_STANDARD = gnu11;
				GCC_DYNAMIC_NO_PIC = NO;
				GCC_NO_COMMON_BLOCKS = YES;
				GCC_OPTIMIZATION_LEVEL = 0;
				GCC_PREPROCESSOR_DEFINITIONS = (
					"DEBUG=1",
					"$(inherited)",
				);
				GCC_WARN_64_TO_32_BIT_CONVERSION = YES;
				GCC_WARN_ABOUT_RETURN_TYPE = YES_ERROR;
				GCC_WARN_UNDECLARED_SELECTOR = YES;
				GCC_WARN_UNINITIALIZED_AUTOS = YES_AGGRESSIVE;
				GCC_WARN_UNUSED_FUNCTION = YES;
				GCC_WARN_UNUSED_VARIABLE = YES;
				MTL_ENABLE_DEBUG_INFO = INCLUDE_SOURCE;
				MTL_FAST_MATH = YES;
				ONLY_ACTIVE_ARCH = YES;
				SWIFT_ACTIVE_COMPILATION_CONDITIONS = DEBUG;
				SWIFT_OPTIMIZATION_LEVEL = "-Onone";
			};
			name = Debug;
		};
		0ACF2DA927E11891000B1D89 /* Release */ = {
			isa = XCBuildConfiguration;
			buildSettings = {
				ALWAYS_SEARCH_USER_PATHS = NO;
				CLANG_ANALYZER_NONNULL = YES;
				CLANG_ANALYZER_NUMBER_OBJECT_CONVERSION = YES_AGGRESSIVE;
				CLANG_CXX_LANGUAGE_STANDARD = "gnu++17";
				CLANG_ENABLE_MODULES = YES;
				CLANG_ENABLE_OBJC_ARC = YES;
				CLANG_ENABLE_OBJC_WEAK = YES;
				CLANG_WARN_BLOCK_CAPTURE_AUTORELEASING = YES;
				CLANG_WARN_BOOL_CONVERSION = YES;
				CLANG_WARN_COMMA = YES;
				CLANG_WARN_CONSTANT_CONVERSION = YES;
				CLANG_WARN_DEPRECATED_OBJC_IMPLEMENTATIONS = YES;
				CLANG_WARN_DIRECT_OBJC_ISA_USAGE = YES_ERROR;
				CLANG_WARN_DOCUMENTATION_COMMENTS = YES;
				CLANG_WARN_EMPTY_BODY = YES;
				CLANG_WARN_ENUM_CONVERSION = YES;
				CLANG_WARN_INFINITE_RECURSION = YES;
				CLANG_WARN_INT_CONVERSION = YES;
				CLANG_WARN_NON_LITERAL_NULL_CONVERSION = YES;
				CLANG_WARN_OBJC_IMPLICIT_RETAIN_SELF = YES;
				CLANG_WARN_OBJC_LITERAL_CONVERSION = YES;
				CLANG_WARN_OBJC_ROOT_CLASS = YES_ERROR;
				CLANG_WARN_QUOTED_INCLUDE_IN_FRAMEWORK_HEADER = YES;
				CLANG_WARN_RANGE_LOOP_ANALYSIS = YES;
				CLANG_WARN_STRICT_PROTOTYPES = YES;
				CLANG_WARN_SUSPICIOUS_MOVE = YES;
				CLANG_WARN_UNGUARDED_AVAILABILITY = YES_AGGRESSIVE;
				CLANG_WARN_UNREACHABLE_CODE = YES;
				CLANG_WARN__DUPLICATE_METHOD_MATCH = YES;
				COPY_PHASE_STRIP = NO;
				DEBUG_INFORMATION_FORMAT = "dwarf-with-dsym";
				ENABLE_NS_ASSERTIONS = NO;
				ENABLE_STRICT_OBJC_MSGSEND = YES;
				GCC_C_LANGUAGE_STANDARD = gnu11;
				GCC_NO_COMMON_BLOCKS = YES;
				GCC_WARN_64_TO_32_BIT_CONVERSION = YES;
				GCC_WARN_ABOUT_RETURN_TYPE = YES_ERROR;
				GCC_WARN_UNDECLARED_SELECTOR = YES;
				GCC_WARN_UNINITIALIZED_AUTOS = YES_AGGRESSIVE;
				GCC_WARN_UNUSED_FUNCTION = YES;
				GCC_WARN_UNUSED_VARIABLE = YES;
				MTL_ENABLE_DEBUG_INFO = NO;
				MTL_FAST_MATH = YES;
				SWIFT_COMPILATION_MODE = wholemodule;
				SWIFT_OPTIMIZATION_LEVEL = "-O";
			};
			name = Release;
		};
		0ACF2DAB27E11891000B1D89 /* Debug */ = {
			isa = XCBuildConfiguration;
			buildSettings = {
				ASSETCATALOG_COMPILER_APPICON_NAME = AppIcon;
				ASSETCATALOG_COMPILER_GLOBAL_ACCENT_COLOR_NAME = AccentColor;
				CODE_SIGN_STYLE = Automatic;
				CURRENT_PROJECT_VERSION = 1;
				DEVELOPMENT_TEAM = YQZQG7N4WG;
				ENABLE_PREVIEWS = YES;
				GENERATE_INFOPLIST_FILE = YES;
				INFOPLIST_KEY_UIApplicationSceneManifest_Generation = YES;
				INFOPLIST_KEY_UIApplicationSupportsIndirectInputEvents = YES;
				INFOPLIST_KEY_UILaunchScreen_Generation = YES;
				INFOPLIST_KEY_UISupportedInterfaceOrientations_iPad = "UIInterfaceOrientationPortrait UIInterfaceOrientationPortraitUpsideDown UIInterfaceOrientationLandscapeLeft UIInterfaceOrientationLandscapeRight";
				INFOPLIST_KEY_UISupportedInterfaceOrientations_iPhone = "UIInterfaceOrientationPortrait UIInterfaceOrientationLandscapeLeft UIInterfaceOrientationLandscapeRight";
				IPHONEOS_DEPLOYMENT_TARGET = 15.4;
				LD_RUNPATH_SEARCH_PATHS = (
					"$(inherited)",
					"@executable_path/Frameworks",
				);
				MARKETING_VERSION = 1.0;
				PRODUCT_BUNDLE_IDENTIFIER = com.rudrankriyam.Quoty;
				PRODUCT_NAME = Quoty;
				SDKROOT = iphoneos;
				SWIFT_EMIT_LOC_STRINGS = YES;
				SWIFT_VERSION = 5.0;
				TARGETED_DEVICE_FAMILY = "1,2";
			};
			name = Debug;
		};
		0ACF2DAC27E11891000B1D89 /* Release */ = {
			isa = XCBuildConfiguration;
			buildSettings = {
				ASSETCATALOG_COMPILER_APPICON_NAME = AppIcon;
				ASSETCATALOG_COMPILER_GLOBAL_ACCENT_COLOR_NAME = AccentColor;
				CODE_SIGN_STYLE = Automatic;
				CURRENT_PROJECT_VERSION = 1;
				DEVELOPMENT_TEAM = YQZQG7N4WG;
				ENABLE_PREVIEWS = YES;
				GENERATE_INFOPLIST_FILE = YES;
				INFOPLIST_KEY_UIApplicationSceneManifest_Generation = YES;
				INFOPLIST_KEY_UIApplicationSupportsIndirectInputEvents = YES;
				INFOPLIST_KEY_UILaunchScreen_Generation = YES;
				INFOPLIST_KEY_UISupportedInterfaceOrientations_iPad = "UIInterfaceOrientationPortrait UIInterfaceOrientationPortraitUpsideDown UIInterfaceOrientationLandscapeLeft UIInterfaceOrientationLandscapeRight";
				INFOPLIST_KEY_UISupportedInterfaceOrientations_iPhone = "UIInterfaceOrientationPortrait UIInterfaceOrientationLandscapeLeft UIInterfaceOrientationLandscapeRight";
				IPHONEOS_DEPLOYMENT_TARGET = 15.4;
				LD_RUNPATH_SEARCH_PATHS = (
					"$(inherited)",
					"@executable_path/Frameworks",
				);
				MARKETING_VERSION = 1.0;
				PRODUCT_BUNDLE_IDENTIFIER = com.rudrankriyam.Quoty;
				PRODUCT_NAME = Quoty;
				SDKROOT = iphoneos;
				SWIFT_EMIT_LOC_STRINGS = YES;
				SWIFT_VERSION = 5.0;
				TARGETED_DEVICE_FAMILY = "1,2";
				VALIDATE_PRODUCT = YES;
			};
			name = Release;
		};
		0ACF2DAE27E11891000B1D89 /* Debug */ = {
			isa = XCBuildConfiguration;
			buildSettings = {
				ASSETCATALOG_COMPILER_APPICON_NAME = AppIcon;
				ASSETCATALOG_COMPILER_GLOBAL_ACCENT_COLOR_NAME = AccentColor;
				CODE_SIGN_ENTITLEMENTS = macOS/macOS.entitlements;
				CODE_SIGN_STYLE = Automatic;
				COMBINE_HIDPI_IMAGES = YES;
				CURRENT_PROJECT_VERSION = 1;
				DEVELOPMENT_TEAM = YQZQG7N4WG;
				ENABLE_HARDENED_RUNTIME = YES;
				ENABLE_PREVIEWS = YES;
				GENERATE_INFOPLIST_FILE = YES;
				INFOPLIST_KEY_NSHumanReadableCopyright = "";
				LD_RUNPATH_SEARCH_PATHS = (
					"$(inherited)",
					"@executable_path/../Frameworks",
				);
				MACOSX_DEPLOYMENT_TARGET = 12.3;
				MARKETING_VERSION = 1.0;
				PRODUCT_BUNDLE_IDENTIFIER = com.rudrankriyam.Quoty;
				PRODUCT_NAME = Quoty;
				SDKROOT = macosx;
				SWIFT_EMIT_LOC_STRINGS = YES;
				SWIFT_VERSION = 5.0;
			};
			name = Debug;
		};
		0ACF2DAF27E11891000B1D89 /* Release */ = {
			isa = XCBuildConfiguration;
			buildSettings = {
				ASSETCATALOG_COMPILER_APPICON_NAME = AppIcon;
				ASSETCATALOG_COMPILER_GLOBAL_ACCENT_COLOR_NAME = AccentColor;
				CODE_SIGN_ENTITLEMENTS = macOS/macOS.entitlements;
				CODE_SIGN_STYLE = Automatic;
				COMBINE_HIDPI_IMAGES = YES;
				CURRENT_PROJECT_VERSION = 1;
				DEVELOPMENT_TEAM = YQZQG7N4WG;
				ENABLE_HARDENED_RUNTIME = YES;
				ENABLE_PREVIEWS = YES;
				GENERATE_INFOPLIST_FILE = YES;
				INFOPLIST_KEY_NSHumanReadableCopyright = "";
				LD_RUNPATH_SEARCH_PATHS = (
					"$(inherited)",
					"@executable_path/../Frameworks",
				);
				MACOSX_DEPLOYMENT_TARGET = 12.3;
				MARKETING_VERSION = 1.0;
				PRODUCT_BUNDLE_IDENTIFIER = com.rudrankriyam.Quoty;
				PRODUCT_NAME = Quoty;
				SDKROOT = macosx;
				SWIFT_EMIT_LOC_STRINGS = YES;
				SWIFT_VERSION = 5.0;
			};
			name = Release;
		};
		0ACF2DB127E11891000B1D89 /* Debug */ = {
			isa = XCBuildConfiguration;
			buildSettings = {
				ALWAYS_EMBED_SWIFT_STANDARD_LIBRARIES = YES;
				CODE_SIGN_STYLE = Automatic;
				CURRENT_PROJECT_VERSION = 1;
				DEVELOPMENT_TEAM = YQZQG7N4WG;
				GENERATE_INFOPLIST_FILE = YES;
				IPHONEOS_DEPLOYMENT_TARGET = 15.4;
				MARKETING_VERSION = 1.0;
				PRODUCT_BUNDLE_IDENTIFIER = "com.rudrankriyam.Tests-iOS";
				PRODUCT_NAME = "$(TARGET_NAME)";
				SDKROOT = iphoneos;
				SWIFT_EMIT_LOC_STRINGS = NO;
				SWIFT_VERSION = 5.0;
				TARGETED_DEVICE_FAMILY = "1,2";
				TEST_TARGET_NAME = "Quoty (iOS)";
			};
			name = Debug;
		};
		0ACF2DB227E11891000B1D89 /* Release */ = {
			isa = XCBuildConfiguration;
			buildSettings = {
				ALWAYS_EMBED_SWIFT_STANDARD_LIBRARIES = YES;
				CODE_SIGN_STYLE = Automatic;
				CURRENT_PROJECT_VERSION = 1;
				DEVELOPMENT_TEAM = YQZQG7N4WG;
				GENERATE_INFOPLIST_FILE = YES;
				IPHONEOS_DEPLOYMENT_TARGET = 15.4;
				MARKETING_VERSION = 1.0;
				PRODUCT_BUNDLE_IDENTIFIER = "com.rudrankriyam.Tests-iOS";
				PRODUCT_NAME = "$(TARGET_NAME)";
				SDKROOT = iphoneos;
				SWIFT_EMIT_LOC_STRINGS = NO;
				SWIFT_VERSION = 5.0;
				TARGETED_DEVICE_FAMILY = "1,2";
				TEST_TARGET_NAME = "Quoty (iOS)";
				VALIDATE_PRODUCT = YES;
			};
			name = Release;
		};
		0ACF2DB427E11891000B1D89 /* Debug */ = {
			isa = XCBuildConfiguration;
			buildSettings = {
				ALWAYS_EMBED_SWIFT_STANDARD_LIBRARIES = YES;
				CODE_SIGN_STYLE = Automatic;
				CURRENT_PROJECT_VERSION = 1;
				DEVELOPMENT_TEAM = YQZQG7N4WG;
				GENERATE_INFOPLIST_FILE = YES;
				MACOSX_DEPLOYMENT_TARGET = 12.3;
				MARKETING_VERSION = 1.0;
				PRODUCT_BUNDLE_IDENTIFIER = "com.rudrankriyam.Tests-macOS";
				PRODUCT_NAME = "$(TARGET_NAME)";
				SDKROOT = macosx;
				SWIFT_EMIT_LOC_STRINGS = NO;
				SWIFT_VERSION = 5.0;
				TEST_TARGET_NAME = "Quoty (macOS)";
			};
			name = Debug;
		};
		0ACF2DB527E11891000B1D89 /* Release */ = {
			isa = XCBuildConfiguration;
			buildSettings = {
				ALWAYS_EMBED_SWIFT_STANDARD_LIBRARIES = YES;
				CODE_SIGN_STYLE = Automatic;
				CURRENT_PROJECT_VERSION = 1;
				DEVELOPMENT_TEAM = YQZQG7N4WG;
				GENERATE_INFOPLIST_FILE = YES;
				MACOSX_DEPLOYMENT_TARGET = 12.3;
				MARKETING_VERSION = 1.0;
				PRODUCT_BUNDLE_IDENTIFIER = "com.rudrankriyam.Tests-macOS";
				PRODUCT_NAME = "$(TARGET_NAME)";
				SDKROOT = macosx;
				SWIFT_EMIT_LOC_STRINGS = NO;
				SWIFT_VERSION = 5.0;
				TEST_TARGET_NAME = "Quoty (macOS)";
			};
			name = Release;
		};
		0ACF2DC927E18FAC000B1D89 /* Debug */ = {
			isa = XCBuildConfiguration;
			buildSettings = {
				CODE_SIGN_STYLE = Automatic;
				CURRENT_PROJECT_VERSION = 1;
				DEVELOPMENT_TEAM = YQZQG7N4WG;
				GENERATE_INFOPLIST_FILE = YES;
				IPHONEOS_DEPLOYMENT_TARGET = 15.4;
				MARKETING_VERSION = 1.0;
				PRODUCT_BUNDLE_IDENTIFIER = com.rudrankriyam.QuotyUITests;
				PRODUCT_NAME = "$(TARGET_NAME)";
				SDKROOT = iphoneos;
				SWIFT_EMIT_LOC_STRINGS = NO;
				SWIFT_VERSION = 5.0;
				TARGETED_DEVICE_FAMILY = "1,2";
				TEST_TARGET_NAME = "Quoty (iOS)";
			};
			name = Debug;
		};
		0ACF2DCA27E18FAC000B1D89 /* Release */ = {
			isa = XCBuildConfiguration;
			buildSettings = {
				CODE_SIGN_STYLE = Automatic;
				CURRENT_PROJECT_VERSION = 1;
				DEVELOPMENT_TEAM = YQZQG7N4WG;
				GENERATE_INFOPLIST_FILE = YES;
				IPHONEOS_DEPLOYMENT_TARGET = 15.4;
				MARKETING_VERSION = 1.0;
				PRODUCT_BUNDLE_IDENTIFIER = com.rudrankriyam.QuotyUITests;
				PRODUCT_NAME = "$(TARGET_NAME)";
				SDKROOT = iphoneos;
				SWIFT_EMIT_LOC_STRINGS = NO;
				SWIFT_VERSION = 5.0;
				TARGETED_DEVICE_FAMILY = "1,2";
				TEST_TARGET_NAME = "Quoty (iOS)";
				VALIDATE_PRODUCT = YES;
			};
			name = Release;
		};
		0ACF2DD827E18FD3000B1D89 /* Debug */ = {
			isa = XCBuildConfiguration;
			buildSettings = {
				CODE_SIGN_STYLE = Automatic;
				CURRENT_PROJECT_VERSION = 1;
				DEVELOPMENT_TEAM = YQZQG7N4WG;
				GENERATE_INFOPLIST_FILE = YES;
				MACOSX_DEPLOYMENT_TARGET = 12.3;
				MARKETING_VERSION = 1.0;
				PRODUCT_BUNDLE_IDENTIFIER = com.rudrankriyam.QuotymacOSUITests;
				PRODUCT_NAME = "$(TARGET_NAME)";
				SDKROOT = macosx;
				SWIFT_EMIT_LOC_STRINGS = NO;
				SWIFT_VERSION = 5.0;
				TEST_TARGET_NAME = "Quoty (macOS)";
			};
			name = Debug;
		};
		0ACF2DD927E18FD3000B1D89 /* Release */ = {
			isa = XCBuildConfiguration;
			buildSettings = {
				CODE_SIGN_STYLE = Automatic;
				CURRENT_PROJECT_VERSION = 1;
				DEVELOPMENT_TEAM = YQZQG7N4WG;
				GENERATE_INFOPLIST_FILE = YES;
				MACOSX_DEPLOYMENT_TARGET = 12.3;
				MARKETING_VERSION = 1.0;
				PRODUCT_BUNDLE_IDENTIFIER = com.rudrankriyam.QuotymacOSUITests;
				PRODUCT_NAME = "$(TARGET_NAME)";
				SDKROOT = macosx;
				SWIFT_EMIT_LOC_STRINGS = NO;
				SWIFT_VERSION = 5.0;
				TEST_TARGET_NAME = "Quoty (macOS)";
			};
			name = Release;
		};
/* End XCBuildConfiguration section */

/* Begin XCConfigurationList section */
		0ACF2D7827E11890000B1D89 /* Build configuration list for PBXProject "Quoty" */ = {
			isa = XCConfigurationList;
			buildConfigurations = (
				0ACF2DA827E11891000B1D89 /* Debug */,
				0ACF2DA927E11891000B1D89 /* Release */,
			);
			defaultConfigurationIsVisible = 0;
			defaultConfigurationName = Release;
		};
		0ACF2DAA27E11891000B1D89 /* Build configuration list for PBXNativeTarget "Quoty (iOS)" */ = {
			isa = XCConfigurationList;
			buildConfigurations = (
				0ACF2DAB27E11891000B1D89 /* Debug */,
				0ACF2DAC27E11891000B1D89 /* Release */,
			);
			defaultConfigurationIsVisible = 0;
			defaultConfigurationName = Release;
		};
		0ACF2DAD27E11891000B1D89 /* Build configuration list for PBXNativeTarget "Quoty (macOS)" */ = {
			isa = XCConfigurationList;
			buildConfigurations = (
				0ACF2DAE27E11891000B1D89 /* Debug */,
				0ACF2DAF27E11891000B1D89 /* Release */,
			);
			defaultConfigurationIsVisible = 0;
			defaultConfigurationName = Release;
		};
		0ACF2DB027E11891000B1D89 /* Build configuration list for PBXNativeTarget "Tests iOS" */ = {
			isa = XCConfigurationList;
			buildConfigurations = (
				0ACF2DB127E11891000B1D89 /* Debug */,
				0ACF2DB227E11891000B1D89 /* Release */,
			);
			defaultConfigurationIsVisible = 0;
			defaultConfigurationName = Release;
		};
		0ACF2DB327E11891000B1D89 /* Build configuration list for PBXNativeTarget "Tests macOS" */ = {
			isa = XCConfigurationList;
			buildConfigurations = (
				0ACF2DB427E11891000B1D89 /* Debug */,
				0ACF2DB527E11891000B1D89 /* Release */,
			);
			defaultConfigurationIsVisible = 0;
			defaultConfigurationName = Release;
		};
		0ACF2DC827E18FAC000B1D89 /* Build configuration list for PBXNativeTarget "QuotyUITests" */ = {
			isa = XCConfigurationList;
			buildConfigurations = (
				0ACF2DC927E18FAC000B1D89 /* Debug */,
				0ACF2DCA27E18FAC000B1D89 /* Release */,
			);
			defaultConfigurationIsVisible = 0;
			defaultConfigurationName = Release;
		};
		0ACF2DD727E18FD3000B1D89 /* Build configuration list for PBXNativeTarget "QuotymacOSUITests" */ = {
			isa = XCConfigurationList;
			buildConfigurations = (
				0ACF2DD827E18FD3000B1D89 /* Debug */,
				0ACF2DD927E18FD3000B1D89 /* Release */,
			);
			defaultConfigurationIsVisible = 0;
			defaultConfigurationName = Release;
		};
/* End XCConfigurationList section */

/* Begin XCRemoteSwiftPackageReference section */
		0ACF2DB627E11906000B1D89 /* XCRemoteSwiftPackageReference "QuoteKit" */ = {
			isa = XCRemoteSwiftPackageReference;
			repositoryURL = "https://github.com/rryam/QuoteKit.git";
			requirement = {
				kind = upToNextMajorVersion;
				minimumVersion = 1.0.0;
			};
		};
/* End XCRemoteSwiftPackageReference section */

/* Begin XCSwiftPackageProductDependency section */
		0ACF2DB727E11907000B1D89 /* QuoteKit */ = {
			isa = XCSwiftPackageProductDependency;
			package = 0ACF2DB627E11906000B1D89 /* XCRemoteSwiftPackageReference "QuoteKit" */;
			productName = QuoteKit;
		};
		0ACF2DBA27E1191D000B1D89 /* QuoteKit */ = {
			isa = XCSwiftPackageProductDependency;
			package = 0ACF2DB627E11906000B1D89 /* XCRemoteSwiftPackageReference "QuoteKit" */;
			productName = QuoteKit;
		};
/* End XCSwiftPackageProductDependency section */
	};
	rootObject = 0ACF2D7527E11890000B1D89 /* Project object */;
}
